<?xml version="1.0" encoding="utf-8"?>
<Project ToolsVersion="4.0" xmlns="http://schemas.microsoft.com/developer/msbuild/2003">
  <ItemGroup>
    <Filter Include="소스 파일">
      <UniqueIdentifier>{4FC737F1-C7A5-4376-A066-2A32D752A2FF}</UniqueIdentifier>
      <Extensions>cpp;c;cc;cxx;c++;cppm;ixx;def;odl;idl;hpj;bat;asm;asmx</Extensions>
    </Filter>
    <Filter Include="헤더 파일">
      <UniqueIdentifier>{93995380-89BD-4b04-88EB-625FBE52EBFB}</UniqueIdentifier>
      <Extensions>h;hh;hpp;hxx;h++;hm;inl;inc;ipp;xsd</Extensions>
    </Filter>
    <Filter Include="리소스 파일">
      <UniqueIdentifier>{67DA6AB6-F800-4c08-8B7A-83BB121AAD01}</UniqueIdentifier>
      <Extensions>rc;ico;cur;bmp;dlg;rc2;rct;bin;rgs;gif;jpg;jpeg;jpe;resx;tiff;tif;png;wav;mfcribbon-ms</Extensions>
    </Filter>
    <Filter Include="소스 파일\Weapon">
      <UniqueIdentifier>{6b4348f9-2255-4566-9db6-3d58a6271b5f}</UniqueIdentifier>
    </Filter>
    <Filter Include="헤더 파일\Weapon">
      <UniqueIdentifier>{c0347a29-f0db-41bc-b060-f19f84983aa3}</UniqueIdentifier>
    </Filter>
    <Filter Include="헤더 파일\Class">
      <UniqueIdentifier>{2be21e92-8068-45e0-a650-7ba7a2c1ab04}</UniqueIdentifier>
    </Filter>
    <Filter Include="소스 파일\Class">
      <UniqueIdentifier>{05837c69-6a2d-4976-ba64-6a4173eb1887}</UniqueIdentifier>
    </Filter>
    <Filter Include="소스 파일\Monster">
      <UniqueIdentifier>{79553de6-7950-4cff-bd27-1364e7b5d53e}</UniqueIdentifier>
    </Filter>
    <Filter Include="헤더 파일\Monster">
      <UniqueIdentifier>{a108a793-3053-4c30-b784-4491bc11402f}</UniqueIdentifier>
    </Filter>
  </ItemGroup>
  <ItemGroup>
    <ClCompile Include="Map.cpp">
      <Filter>소스 파일</Filter>
    </ClCompile>
    <ClCompile Include="Object.cpp">
      <Filter>소스 파일</Filter>
    </ClCompile>
    <ClCompile Include="setting.cpp">
      <Filter>소스 파일</Filter>
    </ClCompile>
    <ClCompile Include="Timer.cpp">
      <Filter>소스 파일</Filter>
    </ClCompile>
    <ClCompile Include="소스.cpp">
      <Filter>소스 파일</Filter>
    </ClCompile>
    <ClCompile Include="Bullet.cpp">
      <Filter>소스 파일</Filter>
    </ClCompile>
    <ClCompile Include="Weapon.cpp">
      <Filter>소스 파일\Weapon</Filter>
    </ClCompile>
    <ClCompile Include="Pistol.cpp">
      <Filter>소스 파일\Weapon</Filter>
    </ClCompile>
    <ClCompile Include="Shotgun.cpp">
      <Filter>소스 파일\Weapon</Filter>
    </ClCompile>
    <ClCompile Include="Melee.cpp">
      <Filter>소스 파일\Weapon</Filter>
    </ClCompile>
    <ClCompile Include="Shield.cpp">
      <Filter>소스 파일\Weapon</Filter>
    </ClCompile>
    <ClCompile Include="GameLoop.cpp">
      <Filter>소스 파일</Filter>
    </ClCompile>
    <ClCompile Include="Knight.cpp">
      <Filter>소스 파일\Class</Filter>
    </ClCompile>
    <ClCompile Include="Magician.cpp">
      <Filter>소스 파일\Class</Filter>
    </ClCompile>
    <ClCompile Include="Gunner.cpp">
      <Filter>소스 파일\Class</Filter>
    </ClCompile>
    <ClCompile Include="Player.cpp">
      <Filter>소스 파일</Filter>
    </ClCompile>
    <ClCompile Include="Cclass.cpp">
      <Filter>소스 파일\Class</Filter>
    </ClCompile>
    <ClCompile Include="TreeNode.cpp">
      <Filter>소스 파일</Filter>
    </ClCompile>
    <ClCompile Include="Bomb.cpp">
      <Filter>소스 파일</Filter>
    </ClCompile>
    <ClCompile Include="Energyvolt.cpp">
      <Filter>소스 파일\Weapon</Filter>
    </ClCompile>
    <ClCompile Include="Monster.cpp">
      <Filter>소스 파일\Monster</Filter>
    </ClCompile>
    <ClCompile Include="Hydra.cpp">
      <Filter>소스 파일\Monster</Filter>
    </ClCompile>
    <ClCompile Include="Dragon.cpp">
      <Filter>소스 파일\Monster</Filter>
    </ClCompile>
    <ClCompile Include="Troll.cpp">
      <Filter>소스 파일\Monster</Filter>
    </ClCompile>
    <ClCompile Include="Zombie.cpp">
      <Filter>소스 파일\Monster</Filter>
    </ClCompile>
    <ClCompile Include="MapMgr.cpp">
      <Filter>소스 파일</Filter>
    </ClCompile>
    <ClCompile Include="Portal.cpp">
      <Filter>소스 파일</Filter>
    </ClCompile>
  </ItemGroup>
  <ItemGroup>
    <ClInclude Include="GameLoop.h">
      <Filter>헤더 파일</Filter>
    </ClInclude>
    <ClInclude Include="Map.h">
      <Filter>헤더 파일</Filter>
    </ClInclude>
    <ClInclude Include="Object.h">
      <Filter>헤더 파일</Filter>
    </ClInclude>
    <ClInclude Include="setting.h">
      <Filter>헤더 파일</Filter>
    </ClInclude>
    <ClInclude Include="Timer.h">
      <Filter>헤더 파일</Filter>
    </ClInclude>
    <ClInclude Include="Bullet.h">
      <Filter>헤더 파일</Filter>
    </ClInclude>
    <ClInclude Include="Weapon.h">
      <Filter>헤더 파일\Weapon</Filter>
    </ClInclude>
    <ClInclude Include="Pistol.h">
      <Filter>헤더 파일\Weapon</Filter>
    </ClInclude>
    <ClInclude Include="Shotgun.h">
      <Filter>헤더 파일\Weapon</Filter>
    </ClInclude>
    <ClInclude Include="Melee.h">
      <Filter>헤더 파일\Weapon</Filter>
    </ClInclude>
    <ClInclude Include="Shield.h">
      <Filter>헤더 파일\Weapon</Filter>
    </ClInclude>
    <ClInclude Include="Knight.h">
      <Filter>헤더 파일\Class</Filter>
    </ClInclude>
    <ClInclude Include="Magician.h">
      <Filter>헤더 파일\Class</Filter>
    </ClInclude>
    <ClInclude Include="Gunner.h">
      <Filter>헤더 파일\Class</Filter>
    </ClInclude>
    <ClInclude Include="Player.h">
      <Filter>헤더 파일</Filter>
    </ClInclude>
    <ClInclude Include="Cclass.h">
      <Filter>헤더 파일\Class</Filter>
    </ClInclude>
    <ClInclude Include="TreeNode.h">
      <Filter>헤더 파일</Filter>
    </ClInclude>
    <ClInclude Include="Bomb.h">
      <Filter>헤더 파일</Filter>
    </ClInclude>
    <ClInclude Include="Energyvolt.h">
      <Filter>헤더 파일\Weapon</Filter>
    </ClInclude>
    <ClInclude Include="Hydra.h">
      <Filter>헤더 파일\Monster</Filter>
    </ClInclude>
    <ClInclude Include="Monster.h">
      <Filter>헤더 파일\Monster</Filter>
    </ClInclude>
    <ClInclude Include="Dragon.h">
      <Filter>헤더 파일\Monster</Filter>
    </ClInclude>
    <ClInclude Include="Zombie.h">
      <Filter>헤더 파일\Monster</Filter>
    </ClInclude>
    <ClInclude Include="Troll.h">
      <Filter>헤더 파일\Monster</Filter>
    </ClInclude>
    <ClInclude Include="MakeTree.h">
      <Filter>헤더 파일</Filter>
    </ClInclude>
    <ClInclude Include="MapMgr.h">
      <Filter>헤더 파일</Filter>
    </ClInclude>
    <ClInclude Include="Portal.h">
      <Filter>헤더 파일</Filter>
    </ClInclude>
  </ItemGroup>
</Project>